
Microsoft Visual Studio Solution File, Format Version 12.00
# Visual Studio Version 16
VisualStudioVersion = 16.0.29503.13
MinimumVisualStudioVersion = 10.0.40219.1
Project("{FAE04EC0-301F-11D3-BF4B-00C04F79EFBC}") = "Lab6", "Lab6\Lab6.csproj", "{92EF45E7-DE90-49F0-BF5A-789F9CA218F9}"
EndProject
Project("{FAE04EC0-301F-11D3-BF4B-00C04F79EFBC}") = "Lab1", "..\Lab1\Lab1.csproj", "{B45ED1E0-9157-4DE7-958C-03A16D3B0124}"
EndProject
Project("{9A19103F-16F7-4668-BE54-9A1E7A4F7556}") = "lab02", "..\lab2\lab02.csproj", "{E1322376-548B-4146-A358-CA657AA82607}"
EndProject
Project("{9A19103F-16F7-4668-BE54-9A1E7A4F7556}") = "lab03", "..\lab03\lab03.csproj", "{804B8A79-B629-4BE7-96D5-53EC4735F521}"
EndProject
Project("{FAE04EC0-301F-11D3-BF4B-00C04F79EFBC}") = "Lab4", "..\Lab4\Lab4.csproj", "{1FE473F8-B574-4983-9450-7C243426C44B}"
EndProject
Project("{FAE04EC0-301F-11D3-BF4B-00C04F79EFBC}") = "Lab5", "..\Lab5\Lab5_2\Lab5.csproj", "{D0F0A98D-AFBB-4C95-B359-B60B67E6991D}"
EndProject
Project("{FAE04EC0-301F-11D3-BF4B-00C04F79EFBC}") = "Homework", "..\dz\Homework.csproj", "{F1E8E0D6-0633-4288-8A49-AA207F549860}"
EndProject
Global
	GlobalSection(SolutionConfigurationPlatforms) = preSolution
		Debug|Any CPU = Debug|Any CPU
		Release|Any CPU = Release|Any CPU
	EndGlobalSection
	GlobalSection(ProjectConfigurationPlatforms) = postSolution
		{92EF45E7-DE90-49F0-BF5A-789F9CA218F9}.Debug|Any CPU.ActiveCfg = Debug|Any CPU
		{92EF45E7-DE90-49F0-BF5A-789F9CA218F9}.Debug|Any CPU.Build.0 = Debug|Any CPU
		{92EF45E7-DE90-49F0-BF5A-789F9CA218F9}.Release|Any CPU.ActiveCfg = Release|Any CPU
		{92EF45E7-DE90-49F0-BF5A-789F9CA218F9}.Release|Any CPU.Build.0 = Release|Any CPU
		{B45ED1E0-9157-4DE7-958C-03A16D3B0124}.Debug|Any CPU.ActiveCfg = Debug|Any CPU
		{B45ED1E0-9157-4DE7-958C-03A16D3B0124}.Debug|Any CPU.Build.0 = Debug|Any CPU
		{B45ED1E0-9157-4DE7-958C-03A16D3B0124}.Release|Any CPU.ActiveCfg = Release|Any CPU
		{B45ED1E0-9157-4DE7-958C-03A16D3B0124}.Release|Any CPU.Build.0 = Release|Any CPU
		{E1322376-548B-4146-A358-CA657AA82607}.Debug|Any CPU.ActiveCfg = Debug|Any CPU
		{E1322376-548B-4146-A358-CA657AA82607}.Debug|Any CPU.Build.0 = Debug|Any CPU
		{E1322376-548B-4146-A358-CA657AA82607}.Release|Any CPU.ActiveCfg = Release|Any CPU
		{E1322376-548B-4146-A358-CA657AA82607}.Release|Any CPU.Build.0 = Release|Any CPU
		{804B8A79-B629-4BE7-96D5-53EC4735F521}.Debug|Any CPU.ActiveCfg = Debug|Any CPU
		{804B8A79-B629-4BE7-96D5-53EC4735F521}.Debug|Any CPU.Build.0 = Debug|Any CPU
		{804B8A79-B629-4BE7-96D5-53EC4735F521}.Release|Any CPU.ActiveCfg = Release|Any CPU
		{804B8A79-B629-4BE7-96D5-53EC4735F521}.Release|Any CPU.Build.0 = Release|Any CPU
		{1FE473F8-B574-4983-9450-7C243426C44B}.Debug|Any CPU.ActiveCfg = Debug|Any CPU
		{1FE473F8-B574-4983-9450-7C243426C44B}.Debug|Any CPU.Build.0 = Debug|Any CPU
		{1FE473F8-B574-4983-9450-7C243426C44B}.Release|Any CPU.ActiveCfg = Release|Any CPU
		{1FE473F8-B574-4983-9450-7C243426C44B}.Release|Any CPU.Build.0 = Release|Any CPU
		{D0F0A98D-AFBB-4C95-B359-B60B67E6991D}.Debug|Any CPU.ActiveCfg = Debug|Any CPU
		{D0F0A98D-AFBB-4C95-B359-B60B67E6991D}.Debug|Any CPU.Build.0 = Debug|Any CPU
		{D0F0A98D-AFBB-4C95-B359-B60B67E6991D}.Release|Any CPU.ActiveCfg = Release|Any CPU
		{D0F0A98D-AFBB-4C95-B359-B60B67E6991D}.Release|Any CPU.Build.0 = Release|Any CPU
		{F1E8E0D6-0633-4288-8A49-AA207F549860}.Debug|Any CPU.ActiveCfg = Debug|Any CPU
		{F1E8E0D6-0633-4288-8A49-AA207F549860}.Debug|Any CPU.Build.0 = Debug|Any CPU
		{F1E8E0D6-0633-4288-8A49-AA207F549860}.Release|Any CPU.ActiveCfg = Release|Any CPU
		{F1E8E0D6-0633-4288-8A49-AA207F549860}.Release|Any CPU.Build.0 = Release|Any CPU
	EndGlobalSection
	GlobalSection(SolutionProperties) = preSolution
		HideSolutionNode = FALSE
	EndGlobalSection
	GlobalSection(ExtensibilityGlobals) = postSolution
		SolutionGuid = {805AED48-B12D-4171-A78B-2512505561FE}
	EndGlobalSection
EndGlobal
