
Microsoft Visual Studio Solution File, Format Version 12.00
# Visual Studio Version 16
VisualStudioVersion = 16.0.29503.13
MinimumVisualStudioVersion = 10.0.40219.1
Project("{9A19103F-16F7-4668-BE54-9A1E7A4F7556}") = "lab03", "lab03.csproj", "{7A1CB02D-D9DB-4068-97CA-F81C27A9E79F}"
EndProject
Global
	GlobalSection(SolutionConfigurationPlatforms) = preSolution
		Debug|Any CPU = Debug|Any CPU
		Release|Any CPU = Release|Any CPU
	EndGlobalSection
	GlobalSection(ProjectConfigurationPlatforms) = postSolution
		{7A1CB02D-D9DB-4068-97CA-F81C27A9E79F}.Debug|Any CPU.ActiveCfg = Debug|Any CPU
		{7A1CB02D-D9DB-4068-97CA-F81C27A9E79F}.Debug|Any CPU.Build.0 = Debug|Any CPU
		{7A1CB02D-D9DB-4068-97CA-F81C27A9E79F}.Release|Any CPU.ActiveCfg = Release|Any CPU
		{7A1CB02D-D9DB-4068-97CA-F81C27A9E79F}.Release|Any CPU.Build.0 = Release|Any CPU
	EndGlobalSection
	GlobalSection(SolutionProperties) = preSolution
		HideSolutionNode = FALSE
	EndGlobalSection
	GlobalSection(ExtensibilityGlobals) = postSolution
		SolutionGuid = {18104829-CDDB-412C-AB6C-A8AAF97F4F5C}
	EndGlobalSection
EndGlobal
